{
  "lockfileVersion": 1,
  "configVersion": 1,
  "workspaces": {
    "": {
      "name": "blossom",
      "dependencies": {
        "class-variance-authority": "^0.7.1",
        "clsx": "^2.1.1",
        "lucide-react": "^0.561.0",
        "react": "^19.2.3",
        "react-dom": "^19.2.3",
        "tailwind-merge": "^3.4.0",
        "tailwindcss": "^4.1.18",
        "zustand": "^5.0.9",
      },
      "devDependencies": {
        "@types/bun": "latest",
        "@types/react": "^19.2.7",
        "@types/react-dom": "^19.2.3",
        "concurrently": "^9.2.1",
        "oxfmt": "^0.17.0",
      },
      "peerDependencies": {
        "typescript": "^5",
      },
    },
  },
  "packages": {
    "@oxfmt/darwin-arm64": ["@oxfmt/darwin-arm64@0.17.0", "", { "os": "darwin", "cpu": "arm64" }, "sha512-OMv0tOb+xiwSZKjYbM6TwMSP5QwFJlBGQmEsk98QJ30sHhdyC//0UvGKuR0KZuzZW4E0+k0rHDmos1Z5DmBEkA=="],

    "@oxfmt/darwin-x64": ["@oxfmt/darwin-x64@0.17.0", "", { "os": "darwin", "cpu": "x64" }, "sha512-trzidyzryKIdL/cLCYU9IwprgJegVBUrz1rqzOMe5is+qdgH/RxTCvhYUNFzxRHpil3g4QUYd2Ja831tc5Nehg=="],

    "@oxfmt/linux-arm64-gnu": ["@oxfmt/linux-arm64-gnu@0.17.0", "", { "os": "linux", "cpu": "arm64" }, "sha512-KlwzidgvHznbUaaglZT1goTS30osTV553pfbKve9B1PyTDkluNDfm/polOaf3SVLN7wL/NNLFZRMupvJ1eJXAw=="],

    "@oxfmt/linux-arm64-musl": ["@oxfmt/linux-arm64-musl@0.17.0", "", { "os": "linux", "cpu": "arm64" }, "sha512-+tbYJTocF4BNLaQQbc/xrBWTNgiU6zmYeF4NvRDxuuQjDOnmUZPn0EED3PZBRJyg4/YllhplHDo8x+gfcb9G3A=="],

    "@oxfmt/linux-x64-gnu": ["@oxfmt/linux-x64-gnu@0.17.0", "", { "os": "linux", "cpu": "x64" }, "sha512-pEmv7zJIw2HpnA4Tn1xrfJNGi2wOH2+usT14Pkvf/c5DdB+pOir6k/5jzfe70+V3nEtmtV9Lm+spndN/y6+X7A=="],

    "@oxfmt/linux-x64-musl": ["@oxfmt/linux-x64-musl@0.17.0", "", { "os": "linux", "cpu": "x64" }, "sha512-+DrFSCZWyFdtEAWR5xIBTV8GX0RA9iB+y7ZlJPRAXrNG8TdBY9vc7/MIGolIgrkMPK4mGMn07YG/qEyPY+iKaw=="],

    "@oxfmt/win32-arm64": ["@oxfmt/win32-arm64@0.17.0", "", { "os": "win32", "cpu": "arm64" }, "sha512-FoUZRR7mVpTYIaY/qz2BYwzqMnL+HsUxmMWAIy6nl29UEkDgxNygULJ4rIGY4/Axne41fhtldLrSGBOpwNm3jA=="],

    "@oxfmt/win32-x64": ["@oxfmt/win32-x64@0.17.0", "", { "os": "win32", "cpu": "x64" }, "sha512-fBIcUpHmCwf3leWlo0cYwLb9Pd2mzxQlZYJX9dD9nylPvsxOnsy9fmsaflpj34O0JbQJN3Y0SRkoaCcHHlxFww=="],

    "@types/bun": ["@types/bun@1.3.4", "", { "dependencies": { "bun-types": "1.3.4" } }, "sha512-EEPTKXHP+zKGPkhRLv+HI0UEX8/o+65hqARxLy8Ov5rIxMBPNTjeZww00CIihrIQGEQBYg+0roO5qOnS/7boGA=="],

    "@types/node": ["@types/node@25.0.1", "", { "dependencies": { "undici-types": "~7.16.0" } }, "sha512-czWPzKIAXucn9PtsttxmumiQ9N0ok9FrBwgRWrwmVLlp86BrMExzvXRLFYRJ+Ex3g6yqj+KuaxfX1JTgV2lpfg=="],

    "@types/react": ["@types/react@19.2.7", "", { "dependencies": { "csstype": "^3.2.2" } }, "sha512-MWtvHrGZLFttgeEj28VXHxpmwYbor/ATPYbBfSFZEIRK0ecCFLl2Qo55z52Hss+UV9CRN7trSeq1zbgx7YDWWg=="],

    "@types/react-dom": ["@types/react-dom@19.2.3", "", { "peerDependencies": { "@types/react": "^19.2.0" } }, "sha512-jp2L/eY6fn+KgVVQAOqYItbF0VY/YApe5Mz2F0aykSO8gx31bYCZyvSeYxCHKvzHG5eZjc+zyaS5BrBWya2+kQ=="],

    "ansi-regex": ["ansi-regex@5.0.1", "", {}, "sha512-quJQXlTSUGL2LH9SUXo8VwsY4soanhgo6LNSm84E1LBcE8s3O0wpdiRzyR9z/ZZJMlMWv37qOOb9pdJlMUEKFQ=="],

    "ansi-styles": ["ansi-styles@4.3.0", "", { "dependencies": { "color-convert": "^2.0.1" } }, "sha512-zbB9rCJAT1rbjiVDb2hqKFHNYLxgtk8NURxZ3IZwD3F6NtxbXZQCnnSi1Lkx+IDohdPlFp222wVALIheZJQSEg=="],

    "bun-types": ["bun-types@1.3.4", "", { "dependencies": { "@types/node": "*" } }, "sha512-5ua817+BZPZOlNaRgGBpZJOSAQ9RQ17pkwPD0yR7CfJg+r8DgIILByFifDTa+IPDDxzf5VNhtNlcKqFzDgJvlQ=="],

    "chalk": ["chalk@4.1.2", "", { "dependencies": { "ansi-styles": "^4.1.0", "supports-color": "^7.1.0" } }, "sha512-oKnbhFyRIXpUuez8iBMmyEa4nbj4IOQyuhc/wy9kY7/WVPcwIO9VA668Pu8RkO7+0G76SLROeyw9CpQ061i4mA=="],

    "class-variance-authority": ["class-variance-authority@0.7.1", "", { "dependencies": { "clsx": "^2.1.1" } }, "sha512-Ka+9Trutv7G8M6WT6SeiRWz792K5qEqIGEGzXKhAE6xOWAY6pPH8U+9IY3oCMv6kqTmLsv7Xh/2w2RigkePMsg=="],

    "cliui": ["cliui@8.0.1", "", { "dependencies": { "string-width": "^4.2.0", "strip-ansi": "^6.0.1", "wrap-ansi": "^7.0.0" } }, "sha512-BSeNnyus75C4//NQ9gQt1/csTXyo/8Sb+afLAkzAptFuMsod9HFokGNudZpi/oQV73hnVK+sR+5PVRMd+Dr7YQ=="],

    "clsx": ["clsx@2.1.1", "", {}, "sha512-eYm0QWBtUrBWZWG0d386OGAw16Z995PiOVo2B7bjWSbHedGl5e0ZWaq65kOGgUSNesEIDkB9ISbTg/JK9dhCZA=="],

    "color-convert": ["color-convert@2.0.1", "", { "dependencies": { "color-name": "~1.1.4" } }, "sha512-RRECPsj7iu/xb5oKYcsFHSppFNnsj/52OVTRKb4zP5onXwVF3zVmmToNcOfGC+CRDpfK/U584fMg38ZHCaElKQ=="],

    "color-name": ["color-name@1.1.4", "", {}, "sha512-dOy+3AuW3a2wNbZHIuMZpTcgjGuLU/uBL/ubcZF9OXbDo8ff4O8yVp5Bf0efS8uEoYo5q4Fx7dY9OgQGXgAsQA=="],

    "concurrently": ["concurrently@9.2.1", "", { "dependencies": { "chalk": "4.1.2", "rxjs": "7.8.2", "shell-quote": "1.8.3", "supports-color": "8.1.1", "tree-kill": "1.2.2", "yargs": "17.7.2" }, "bin": { "conc": "dist/bin/concurrently.js", "concurrently": "dist/bin/concurrently.js" } }, "sha512-fsfrO0MxV64Znoy8/l1vVIjjHa29SZyyqPgQBwhiDcaW8wJc2W3XWVOGx4M3oJBnv/zdUZIIp1gDeS98GzP8Ng=="],

    "csstype": ["csstype@3.2.3", "", {}, "sha512-z1HGKcYy2xA8AGQfwrn0PAy+PB7X/GSj3UVJW9qKyn43xWa+gl5nXmU4qqLMRzWVLFC8KusUX8T/0kCiOYpAIQ=="],

    "emoji-regex": ["emoji-regex@8.0.0", "", {}, "sha512-MSjYzcWNOA0ewAHpz0MxpYFvwg6yjy1NG3xteoqz644VCo/RPgnr1/GGt+ic3iJTzQ8Eu3TdM14SawnVUmGE6A=="],

    "escalade": ["escalade@3.2.0", "", {}, "sha512-WUj2qlxaQtO4g6Pq5c29GTcWGDyd8itL8zTlipgECz3JesAiiOKotd8JU6otB3PACgG6xkJUyVhboMS+bje/jA=="],

    "get-caller-file": ["get-caller-file@2.0.5", "", {}, "sha512-DyFP3BM/3YHTQOCUL/w0OZHR0lpKeGrxotcHWcqNEdnltqFwXVfhEBQ94eIo34AfQpo0rGki4cyIiftY06h2Fg=="],

    "has-flag": ["has-flag@4.0.0", "", {}, "sha512-EykJT/Q1KjTWctppgIAgfSO0tKVuZUjhgMr17kqTumMl6Afv3EISleU7qZUzoXDFTAHTDC4NOoG/ZxU3EvlMPQ=="],

    "is-fullwidth-code-point": ["is-fullwidth-code-point@3.0.0", "", {}, "sha512-zymm5+u+sCsSWyD9qNaejV3DFvhCKclKdizYaJUuHA83RLjb7nSuGnddCHGv0hk+KY7BMAlsWeK4Ueg6EV6XQg=="],

    "lucide-react": ["lucide-react@0.561.0", "", { "peerDependencies": { "react": "^16.5.1 || ^17.0.0 || ^18.0.0 || ^19.0.0" } }, "sha512-Y59gMY38tl4/i0qewcqohPdEbieBy7SovpBL9IFebhc2mDd8x4PZSOsiFRkpPcOq6bj1r/mjH/Rk73gSlIJP2A=="],

    "oxfmt": ["oxfmt@0.17.0", "", { "optionalDependencies": { "@oxfmt/darwin-arm64": "0.17.0", "@oxfmt/darwin-x64": "0.17.0", "@oxfmt/linux-arm64-gnu": "0.17.0", "@oxfmt/linux-arm64-musl": "0.17.0", "@oxfmt/linux-x64-gnu": "0.17.0", "@oxfmt/linux-x64-musl": "0.17.0", "@oxfmt/win32-arm64": "0.17.0", "@oxfmt/win32-x64": "0.17.0" }, "bin": { "oxfmt": "bin/oxfmt" } }, "sha512-12Rmq2ub61rUZ3Pqnsvmo99rRQ6hQJwQsjnFnbvXYLMrlIsWT6SFVsrjAkBBrkXXSHv8ePIpKQ0nZph5KDrOqw=="],

    "react": ["react@19.2.3", "", {}, "sha512-Ku/hhYbVjOQnXDZFv2+RibmLFGwFdeeKHFcOTlrt7xplBnya5OGn/hIRDsqDiSUcfORsDC7MPxwork8jBwsIWA=="],

    "react-dom": ["react-dom@19.2.3", "", { "dependencies": { "scheduler": "^0.27.0" }, "peerDependencies": { "react": "^19.2.3" } }, "sha512-yELu4WmLPw5Mr/lmeEpox5rw3RETacE++JgHqQzd2dg+YbJuat3jH4ingc+WPZhxaoFzdv9y33G+F7Nl5O0GBg=="],

    "require-directory": ["require-directory@2.1.1", "", {}, "sha512-fGxEI7+wsG9xrvdjsrlmL22OMTTiHRwAMroiEeMgq8gzoLC/PQr7RsRDSTLUg/bZAZtF+TVIkHc6/4RIKrui+Q=="],

    "rxjs": ["rxjs@7.8.2", "", { "dependencies": { "tslib": "^2.1.0" } }, "sha512-dhKf903U/PQZY6boNNtAGdWbG85WAbjT/1xYoZIC7FAY0yWapOBQVsVrDl58W86//e1VpMNBtRV4MaXfdMySFA=="],

    "scheduler": ["scheduler@0.27.0", "", {}, "sha512-eNv+WrVbKu1f3vbYJT/xtiF5syA5HPIMtf9IgY/nKg0sWqzAUEvqY/xm7OcZc/qafLx/iO9FgOmeSAp4v5ti/Q=="],

    "shell-quote": ["shell-quote@1.8.3", "", {}, "sha512-ObmnIF4hXNg1BqhnHmgbDETF8dLPCggZWBjkQfhZpbszZnYur5DUljTcCHii5LC3J5E0yeO/1LIMyH+UvHQgyw=="],

    "string-width": ["string-width@4.2.3", "", { "dependencies": { "emoji-regex": "^8.0.0", "is-fullwidth-code-point": "^3.0.0", "strip-ansi": "^6.0.1" } }, "sha512-wKyQRQpjJ0sIp62ErSZdGsjMJWsap5oRNihHhu6G7JVO/9jIB6UyevL+tXuOqrng8j/cxKTWyWUwvSTriiZz/g=="],

    "strip-ansi": ["strip-ansi@6.0.1", "", { "dependencies": { "ansi-regex": "^5.0.1" } }, "sha512-Y38VPSHcqkFrCpFnQ9vuSXmquuv5oXOKpGeT6aGrr3o3Gc9AlVa6JBfUSOCnbxGGZF+/0ooI7KrPuUSztUdU5A=="],

    "supports-color": ["supports-color@8.1.1", "", { "dependencies": { "has-flag": "^4.0.0" } }, "sha512-MpUEN2OodtUzxvKQl72cUF7RQ5EiHsGvSsVG0ia9c5RbWGL2CI4C7EpPS8UTBIplnlzZiNuV56w+FuNxy3ty2Q=="],

    "tailwind-merge": ["tailwind-merge@3.4.0", "", {}, "sha512-uSaO4gnW+b3Y2aWoWfFpX62vn2sR3skfhbjsEnaBI81WD1wBLlHZe5sWf0AqjksNdYTbGBEd0UasQMT3SNV15g=="],

    "tailwindcss": ["tailwindcss@4.1.18", "", {}, "sha512-4+Z+0yiYyEtUVCScyfHCxOYP06L5Ne+JiHhY2IjR2KWMIWhJOYZKLSGZaP5HkZ8+bY0cxfzwDE5uOmzFXyIwxw=="],

    "tree-kill": ["tree-kill@1.2.2", "", { "bin": { "tree-kill": "cli.js" } }, "sha512-L0Orpi8qGpRG//Nd+H90vFB+3iHnue1zSSGmNOOCh1GLJ7rUKVwV2HvijphGQS2UmhUZewS9VgvxYIdgr+fG1A=="],

    "tslib": ["tslib@2.8.1", "", {}, "sha512-oJFu94HQb+KVduSUQL7wnpmqnfmLsOA/nAh6b6EH0wCEoK0/mPeXU6c3wKDV83MkOuHPRHtSXKKU99IBazS/2w=="],

    "typescript": ["typescript@5.9.3", "", { "bin": { "tsc": "bin/tsc", "tsserver": "bin/tsserver" } }, "sha512-jl1vZzPDinLr9eUt3J/t7V6FgNEw9QjvBPdysz9KfQDD41fQrC2Y4vKQdiaUpFT4bXlb1RHhLpp8wtm6M5TgSw=="],

    "undici-types": ["undici-types@7.16.0", "", {}, "sha512-Zz+aZWSj8LE6zoxD+xrjh4VfkIG8Ya6LvYkZqtUQGJPZjYl53ypCaUwWqo7eI0x66KBGeRo+mlBEkMSeSZ38Nw=="],

    "wrap-ansi": ["wrap-ansi@7.0.0", "", { "dependencies": { "ansi-styles": "^4.0.0", "string-width": "^4.1.0", "strip-ansi": "^6.0.0" } }, "sha512-YVGIj2kamLSTxw6NsZjoBxfSwsn0ycdesmc4p+Q21c5zPuZ1pl+NfxVdxPtdHvmNVOQ6XSYG4AUtyt/Fi7D16Q=="],

    "y18n": ["y18n@5.0.8", "", {}, "sha512-0pfFzegeDWJHJIAmTLRP2DwHjdF5s7jo9tuztdQxAhINCdvS+3nGINqPd00AphqJR/0LhANUS6/+7SCb98YOfA=="],

    "yargs": ["yargs@17.7.2", "", { "dependencies": { "cliui": "^8.0.1", "escalade": "^3.1.1", "get-caller-file": "^2.0.5", "require-directory": "^2.1.1", "string-width": "^4.2.3", "y18n": "^5.0.5", "yargs-parser": "^21.1.1" } }, "sha512-7dSzzRQ++CKnNI/krKnYRV7JKKPUXMEh61soaHKg9mrWEhzFWhFnxPxGl+69cD1Ou63C13NUPCnmIcrvqCuM6w=="],

    "yargs-parser": ["yargs-parser@21.1.1", "", {}, "sha512-tVpsJW7DdjecAiFpbIB1e3qxIQsE6NoPc5/eTdrbbIC4h0LVsWhnoa3g+m2HclBIujHzsxZ4VJVA+GUuc2/LBw=="],

    "zustand": ["zustand@5.0.9", "", { "peerDependencies": { "@types/react": ">=18.0.0", "immer": ">=9.0.6", "react": ">=18.0.0", "use-sync-external-store": ">=1.2.0" }, "optionalPeers": ["@types/react", "immer", "react", "use-sync-external-store"] }, "sha512-ALBtUj0AfjJt3uNRQoL1tL2tMvj6Gp/6e39dnfT6uzpelGru8v1tPOGBzayOWbPJvujM8JojDk3E1LxeFisBNg=="],

    "chalk/supports-color": ["supports-color@7.2.0", "", { "dependencies": { "has-flag": "^4.0.0" } }, "sha512-qpCAvRl9stuOHveKsn7HncJRvv501qIacKzQlO/+Lwxc9+0q2wLyv4Dfvt80/DPn2pqOBsJdDiogXGR9+OvwRw=="],
  }
}
